<?xml version="1.0" encoding="utf-8"?>
<Project ToolsVersion="4.0" xmlns="http://schemas.microsoft.com/developer/msbuild/2003">
  <ItemGroup>
    <Filter Include="Source Files">
      <UniqueIdentifier>{4FC737F1-C7A5-4376-A066-2A32D752A2FF}</UniqueIdentifier>
      <Extensions>cpp;c;cc;cxx;c++;cppm;ixx;def;odl;idl;hpj;bat;asm;asmx</Extensions>
    </Filter>
    <Filter Include="Header Files">
      <UniqueIdentifier>{93995380-89BD-4b04-88EB-625FBE52EBFB}</UniqueIdentifier>
      <Extensions>h;hh;hpp;hxx;h++;hm;inl;inc;ipp;xsd</Extensions>
    </Filter>
    <Filter Include="Resource Files">
      <UniqueIdentifier>{67DA6AB6-F800-4c08-8B7A-83BB121AAD01}</UniqueIdentifier>
      <Extensions>rc;ico;cur;bmp;dlg;rc2;rct;bin;rgs;gif;jpg;jpeg;jpe;resx;tiff;tif;png;wav;mfcribbon-ms</Extensions>
    </Filter>
  </ItemGroup>
  <ItemGroup>
    <ClCompile Include="cPlusPlusTutorial.cpp">
      <Filter>Source Files</Filter>
    </ClCompile>
    <ClCompile Include="ArrayIntro.cpp">
      <Filter>Source Files</Filter>
    </ClCompile>
    <ClCompile Include="complexNumber.cpp">
      <Filter>Source Files</Filter>
    </ClCompile>
    <ClCompile Include="dynamicArray.cpp">
      <Filter>Source Files</Filter>
    </ClCompile>
    <ClCompile Include="fractor.cpp">
      <Filter>Source Files</Filter>
    </ClCompile>
    <ClCompile Include="main.cpp">
      <Filter>Source Files</Filter>
    </ClCompile>
    <ClCompile Include="product.cpp">
      <Filter>Source Files</Filter>
    </ClCompile>
    <ClCompile Include="algos\random_codility\SpiralMatrix.cpp">
      <Filter>Source Files</Filter>
    </ClCompile>
    <ClCompile Include="student.cpp">
      <Filter>Source Files</Filter>
    </ClCompile>
    <ClCompile Include="vectorManipulations.cpp">
      <Filter>Source Files</Filter>
    </ClCompile>
    <ClCompile Include="algos\sortAlgos\SelectionSort.cpp">
      <Filter>Source Files</Filter>
    </ClCompile>
    <ClCompile Include="algos\sortAlgos\BubbleSort.cpp">
      <Filter>Source Files</Filter>
    </ClCompile>
    <ClCompile Include="algos\sortAlgos\InBuiltSort.cpp">
      <Filter>Source Files</Filter>
    </ClCompile>
    <ClCompile Include="algos\searchAlgos\LinearSearch.cpp">
      <Filter>Source Files</Filter>
    </ClCompile>
    <ClCompile Include="algos\searchAlgos\BinarySerchAlgo.cpp">
      <Filter>Source Files</Filter>
    </ClCompile>
    <ClCompile Include="algos\recursions\Factorial.cpp">
      <Filter>Source Files</Filter>
    </ClCompile>
    <ClCompile Include="algos\recursions\Fibonacci.cpp">
      <Filter>Source Files</Filter>
    </ClCompile>
    <ClCompile Include="algos\recursions\Power.cpp">
      <Filter>Source Files</Filter>
    </ClCompile>
    <ClCompile Include="algos\recursions\DigitCount.cpp">
      <Filter>Source Files</Filter>
    </ClCompile>
    <ClCompile Include="algos\recursions\SumOfDigit.cpp">
      <Filter>Source Files</Filter>
    </ClCompile>
    <ClCompile Include="algos\recursions\SummedMultiplication.cpp">
      <Filter>Source Files</Filter>
    </ClCompile>
    <ClCompile Include="algos\recursions\CountZeros.cpp">
      <Filter>Source Files</Filter>
    </ClCompile>
    <ClCompile Include="algos\recursions\GeometricSum.cpp">
      <Filter>Source Files</Filter>
    </ClCompile>
    <ClCompile Include="algos\recursions\IsArraySorted.cpp">
      <Filter>Source Files</Filter>
    </ClCompile>
    <ClCompile Include="algos\recursions\SumOfArray.cpp">
      <Filter>Source Files</Filter>
    </ClCompile>
    <ClCompile Include="algos\recursions\RecursiveSearch.cpp">
      <Filter>Source Files</Filter>
    </ClCompile>
    <ClCompile Include="algos\recursions\FirstIndexOfElment.cpp">
      <Filter>Source Files</Filter>
    </ClCompile>
    <ClCompile Include="algos\recursions\LastIndexOf.cpp">
      <Filter>Source Files</Filter>
    </ClCompile>
    <ClCompile Include="algos\recursions\PrintAllPositiionOfElement.cpp">
      <Filter>Source Files</Filter>
    </ClCompile>
    <ClCompile Include="algos\recursions\CountOccuranceOfElementInArray.cpp">
      <Filter>Source Files</Filter>
    </ClCompile>
    <ClCompile Include="algos\recursions\StoreItemPositionInArray.cpp">
      <Filter>Source Files</Filter>
    </ClCompile>
    <ClCompile Include="algos\recursions\CheckPalindrome.cpp">
      <Filter>Source Files</Filter>
    </ClCompile>
    <ClCompile Include="algos\recursions\RecursivePrinting.cpp">
      <Filter>Source Files</Filter>
    </ClCompile>
    <ClCompile Include="algos\recursions\RecursivelyCount.cpp">
      <Filter>Source Files</Filter>
    </ClCompile>
    <ClCompile Include="algos\recursions\RecursivelyReplace.cpp">
      <Filter>Source Files</Filter>
    </ClCompile>
    <ClCompile Include="algos\recursions\RecursivelyRemove.cpp">
      <Filter>Source Files</Filter>
    </ClCompile>
    <ClCompile Include="algos\recursions\RecursivelyRemoveConsecutiveDuplicates.cpp">
      <Filter>Source Files</Filter>
    </ClCompile>
    <ClCompile Include="algos\recursions\PrintAllSubstringOfString.cpp">
      <Filter>Source Files</Filter>
    </ClCompile>
    <ClCompile Include="algos\recursions\StoreAllSubstringOfSring.cpp">
      <Filter>Source Files</Filter>
    </ClCompile>
    <ClCompile Include="algos\recursions\RecursiveStringToInt.cpp">
      <Filter>Source Files</Filter>
    </ClCompile>
    <ClCompile Include="algos\recursions\RecursivelyPrintPermutaion.cpp">
      <Filter>Source Files</Filter>
    </ClCompile>
    <ClCompile Include="algos\recursions\RecursivelyPrintDownLink.cpp">
      <Filter>Source Files</Filter>
    </ClCompile>
    <ClCompile Include="algos\recursions\RecursiveTowerOfHanoi.cpp">
      <Filter>Source Files</Filter>
    </ClCompile>
    <ClCompile Include="algos\sortAlgos\MergeSort.cpp">
      <Filter>Source Files</Filter>
    </ClCompile>
    <ClCompile Include="algos\sortAlgos\QuickSort.cpp">
      <Filter>Source Files</Filter>
    </ClCompile>
    <ClCompile Include="algos\searchAlgos\FirstAndLastOccurance.cpp">
      <Filter>Source Files</Filter>
    </ClCompile>
    <ClCompile Include="algos\searchAlgos\SearchInReverseSorted.cpp">
      <Filter>Source Files</Filter>
    </ClCompile>
    <ClCompile Include="algos\searchAlgos\MajorityElement.cpp">
      <Filter>Source Files</Filter>
    </ClCompile>
    <ClCompile Include="data_structure\LinkedList\Node.cpp">
      <Filter>Source Files</Filter>
    </ClCompile>
    <ClCompile Include="data_structure\LinkedList\LinkedListRecursive.cpp">
      <Filter>Source Files</Filter>
    </ClCompile>
    <ClCompile Include="data_structure\LinkedList\JosephusCircle.cpp">
      <Filter>Source Files</Filter>
    </ClCompile>
    <ClCompile Include="data_structure\Stacks\Stack.cpp">
      <Filter>Source Files</Filter>
    </ClCompile>
    <ClCompile Include="data_structure\Templates\Template.cpp">
      <Filter>Source Files</Filter>
    </ClCompile>
    <ClCompile Include="data_structure\Templates\DoubleTemplates.cpp">
      <Filter>Source Files</Filter>
    </ClCompile>
    <ClCompile Include="data_structure\Stacks\StackWithLinkedList.cpp">
      <Filter>Source Files</Filter>
    </ClCompile>
    <ClCompile Include="data_structure\Stacks\InBuiltStack.cpp">
      <Filter>Source Files</Filter>
    </ClCompile>
    <ClCompile Include="data_structure\Stacks\BalancedParenthesis.cpp">
      <Filter>Source Files</Filter>
    </ClCompile>
    <ClCompile Include="data_structure\Stacks\ReversePolishNotation.cpp">
      <Filter>Source Files</Filter>
    </ClCompile>
    <ClCompile Include="data_structure\Stacks\RemoveAllAdjacentDuplicate.cpp">
      <Filter>Source Files</Filter>
    </ClCompile>
    <ClCompile Include="data_structure\Queue\QueueWithArray.cpp">
      <Filter>Source Files</Filter>
    </ClCompile>
    <ClCompile Include="data_structure\Queue\QueueWithDynamicArray.cpp">
      <Filter>Source Files</Filter>
    </ClCompile>
    <ClCompile Include="data_structure\Queue\QueueWithLinkedList.cpp">
      <Filter>Source Files</Filter>
    </ClCompile>
    <ClCompile Include="data_structure\Queue\InBuiltQueue.cpp">
      <Filter>Source Files</Filter>
    </ClCompile>
    <ClCompile Include="data_structure\Queue\ReverseAQueue.cpp">
      <Filter>Source Files</Filter>
    </ClCompile>
    <ClCompile Include="data_structure\Trees\Vector_Revisited.cpp">
      <Filter>Source Files</Filter>
    </ClCompile>
    <ClCompile Include="data_structure\Trees\Generic_Trees\Generic_Tree.cpp">
      <Filter>Source Files</Filter>
    </ClCompile>
    <ClCompile Include="data_structure\Trees\Binary_Search_Tree\BinarySearchTree.cpp">
      <Filter>Source Files</Filter>
    </ClCompile>
    <ClCompile Include="data_structure\HashMap\HashMap.cpp">
      <Filter>Source Files</Filter>
    </ClCompile>
    <ClCompile Include="data_structure\HashMap\Unordered_Map.cpp">
      <Filter>Source Files</Filter>
    </ClCompile>
    <ClCompile Include="algos\random_codility\random_codilities.cpp">
      <Filter>Source Files</Filter>
    </ClCompile>
    <ClCompile Include="data_structure\PriorityQueue\CustomPriorityQueue.cpp">
      <Filter>Source Files</Filter>
    </ClCompile>
    <ClCompile Include="data_structure\PriorityQueue\InBuiltPriorityQueue.cpp">
      <Filter>Source Files</Filter>
    </ClCompile>
    <ClCompile Include="algos\dynamic_programming\Fibonacci_Upgraded.cpp">
      <Filter>Source Files</Filter>
    </ClCompile>
    <ClCompile Include="algos\dynamic_programming\MinimumStepTo1.cpp">
      <Filter>Source Files</Filter>
    </ClCompile>
    <ClCompile Include="algos\dynamic_programming\ClimbingStairs.cpp">
      <Filter>Source Files</Filter>
    </ClCompile>
    <ClCompile Include="algos\dynamic_programming\LongestCommonSubsequence.cpp">
      <Filter>Source Files</Filter>
    </ClCompile>
    <ClCompile Include="algos\dynamic_programming\EditDistance.cpp">
      <Filter>Source Files</Filter>
    </ClCompile>
    <ClCompile Include="algos\dynamic_programming\KnapSack.cpp">
      <Filter>Source Files</Filter>
    </ClCompile>
    <ClCompile Include="algos\random_codility\MinWindow.cpp">
      <Filter>Source Files</Filter>
    </ClCompile>
    <ClCompile Include="algos\dynamic_programming\LargestCombination.cpp">
      <Filter>Source Files</Filter>
    </ClCompile>
    <ClCompile Include="algos\random_codility\RotateVector.cpp">
      <Filter>Source Files</Filter>
    </ClCompile>
    <ClCompile Include="data_structure\Graphs\Adjacent_Matrix_Graph.cpp">
      <Filter>Source Files</Filter>
    </ClCompile>
    <ClCompile Include="data_structure\Graphs\Kruskal.cpp">
      <Filter>Source Files</Filter>
    </ClCompile>
    <ClCompile Include="data_structure\Graphs\CommutableIsland.cpp">
      <Filter>Source Files</Filter>
    </ClCompile>
    <ClCompile Include="algos\searchAlgos\TownJudge.cpp">
      <Filter>Source Files</Filter>
    </ClCompile>
    <ClCompile Include="Gold\ParseArrayToVector.cpp">
      <Filter>Source Files</Filter>
    </ClCompile>
    <ClCompile Include="algos\searchAlgos\TwoSums.cpp">
      <Filter>Source Files</Filter>
    </ClCompile>
    <ClCompile Include="algos\linked_list\AddTwoNumbers.cpp">
      <Filter>Source Files</Filter>
    </ClCompile>
    <ClCompile Include="algos\sortAlgos\TopologicalSort.cpp">
      <Filter>Source Files</Filter>
    </ClCompile>
    <ClCompile Include="Gold\Sort_Matrix.cpp">
      <Filter>Source Files</Filter>
    </ClCompile>
    <ClCompile Include="algos\LongestUniqueLengthInString.cpp">
      <Filter>Source Files</Filter>
    </ClCompile>
    <ClCompile Include="algos\random_codility\FindMedianSortedArrays.cpp">
      <Filter>Source Files</Filter>
    </ClCompile>
    <ClCompile Include="algos\random_codility\LongestPalindromic.cpp">
      <Filter>Source Files</Filter>
    </ClCompile>
    <ClCompile Include="Gold\AllSubstringOfString.cpp">
      <Filter>Source Files</Filter>
    </ClCompile>
    <ClCompile Include="algos\random_codility\ZigzagConvo.cpp">
      <Filter>Source Files</Filter>
    </ClCompile>
    <ClCompile Include="algos\random_codility\ReverseInteger.cpp">
      <Filter>Source Files</Filter>
    </ClCompile>
    <ClCompile Include="algos\amazon\MyAtoi.cpp">
      <Filter>Source Files</Filter>
    </ClCompile>
    <ClCompile Include="algos\random_codility\PalindromeNumber.cpp">
      <Filter>Source Files</Filter>
    </ClCompile>
    <ClCompile Include="algos\random_codility\RegularExpressionMatching.cpp">
      <Filter>Source Files</Filter>
    </ClCompile>
    <ClCompile Include="algos\random_codility\ContainerWithMostWater.cpp">
      <Filter>Source Files</Filter>
    </ClCompile>
    <ClCompile Include="algos\vectors_algos\GenerateParenthesis.cpp">
      <Filter>Source Files</Filter>
    </ClCompile>
    <ClCompile Include="algos\stacks\LongestValidParentheses.cpp">
      <Filter>Source Files</Filter>
    </ClCompile>
    <ClCompile Include="algos\vectors_algos\MissingNumber.cpp">
      <Filter>Source Files</Filter>
    </ClCompile>
    <ClCompile Include="algos\dynamic_programming\MaximumProductOfWordLengths.cpp">
      <Filter>Source Files</Filter>
    </ClCompile>
    <ClCompile Include="algos\random_codility\DivideTwoIntegers.cpp">
      <Filter>Source Files</Filter>
    </ClCompile>
    <ClCompile Include="algos\random_codility\HasAllValidBinary.cpp">
      <Filter>Source Files</Filter>
    </ClCompile>
    <ClCompile Include="algos\vectors_algos\RunningSum.cpp">
      <Filter>Source Files</Filter>
    </ClCompile>
    <ClCompile Include="algos\vectors_algos\MatrixTranspose.cpp">
      <Filter>Source Files</Filter>
    </ClCompile>
    <ClCompile Include="algos\vectors_algos\NumMatrix.cpp">
      <Filter>Source Files</Filter>
    </ClCompile>
    <ClCompile Include="algos\recursions\back_trackings\SolveNQueens.cpp">
      <Filter>Source Files</Filter>
    </ClCompile>
    <ClCompile Include="algos\recursions\back_trackings\TotalNQueens.cpp">
      <Filter>Source Files</Filter>
    </ClCompile>
    <ClCompile Include="algos\linked_list\GetIntersectionNode.cpp">
      <Filter>Source Files</Filter>
    </ClCompile>
    <ClCompile Include="algos\amazon\twosums.cpp">
      <Filter>Source Files</Filter>
    </ClCompile>
    <ClCompile Include="algos\amazon\lengthOfLongestSubstring.cpp">
      <Filter>Source Files</Filter>
    </ClCompile>
    <ClCompile Include="algos\amazon\maxArea.cpp">
      <Filter>Source Files</Filter>
    </ClCompile>
    <ClCompile Include="algos\amazon\firstUniqChar.cpp">
      <Filter>Source Files</Filter>
    </ClCompile>
    <ClCompile Include="algos\amazon\convertToWords.cpp">
      <Filter>Source Files</Filter>
    </ClCompile>
    <ClCompile Include="algos\amazon\IntToRoman.cpp">
      <Filter>Source Files</Filter>
    </ClCompile>
    <ClCompile Include="algos\amazon\romanToInt.cpp">
      <Filter>Source Files</Filter>
    </ClCompile>
    <ClCompile Include="algos\amazon\threeSum.cpp">
      <Filter>Source Files</Filter>
    </ClCompile>
    <ClCompile Include="system_design\lru_cache.cpp">
      <Filter>Source Files</Filter>
    </ClCompile>
    <ClCompile Include="algos\amazon\superReducedString.cpp">
      <Filter>Source Files</Filter>
    </ClCompile>
    <ClCompile Include="algos\amazon\minimalHeaviestSetA.cpp">
      <Filter>Source Files</Filter>
    </ClCompile>
    <ClCompile Include="algos\amazon\numIslands.cpp">
      <Filter>Source Files</Filter>
    </ClCompile>
  </ItemGroup>
  <ItemGroup>
    <ClInclude Include="dynamicArray.hpp">
      <Filter>Header Files</Filter>
    </ClInclude>
    <ClInclude Include="vector.hpp">
      <Filter>Header Files</Filter>
    </ClInclude>
    <ClInclude Include="data_structure\Trees\Binary _Tree\Binary_Tree.cpp">
      <Filter>Header Files</Filter>
    </ClInclude>
    <ClInclude Include="data_structure\Trees\Binary _Tree\Binary_Tree.h">
      <Filter>Header Files</Filter>
    </ClInclude>
  </ItemGroup>
  <ItemGroup>
    <None Include="packages.config" />
    <None Include="..\..\..\..\Documents\Custom Office Templates\Book1.xlsx" />
  </ItemGroup>
  <ItemGroup>
    <Text Include="Path To CEO.txt" />
  </ItemGroup>
</Project>