<?xml version="1.0" encoding="utf-8"?>
<Project ToolsVersion="4.0" xmlns="http://schemas.microsoft.com/developer/msbuild/2003">
  <ItemGroup>
    <Filter Include="Source Files">
      <UniqueIdentifier>{4FC737F1-C7A5-4376-A066-2A32D752A2FF}</UniqueIdentifier>
      <Extensions>cpp;c;cc;cxx;c++;cppm;ixx;def;odl;idl;hpj;bat;asm;asmx</Extensions>
    </Filter>
    <Filter Include="Header Files">
      <UniqueIdentifier>{93995380-89BD-4b04-88EB-625FBE52EBFB}</UniqueIdentifier>
      <Extensions>h;hh;hpp;hxx;h++;hm;inl;inc;ipp;xsd</Extensions>
    </Filter>
    <Filter Include="Resource Files">
      <UniqueIdentifier>{67DA6AB6-F800-4c08-8B7A-83BB121AAD01}</UniqueIdentifier>
      <Extensions>rc;ico;cur;bmp;dlg;rc2;rct;bin;rgs;gif;jpg;jpeg;jpe;resx;tiff;tif;png;wav;mfcribbon-ms</Extensions>
    </Filter>
  </ItemGroup>
  <ItemGroup>
    <ClCompile Include="cPlusPlusTutorial.cpp">
      <Filter>Source Files</Filter>
    </ClCompile>
    <ClCompile Include="ArrayIntro.cpp">
      <Filter>Source Files</Filter>
    </ClCompile>
    <ClCompile Include="complexNumber.cpp">
      <Filter>Source Files</Filter>
    </ClCompile>
    <ClCompile Include="dynamicArray.cpp">
      <Filter>Source Files</Filter>
    </ClCompile>
    <ClCompile Include="fractor.cpp">
      <Filter>Source Files</Filter>
    </ClCompile>
    <ClCompile Include="main.cpp">
      <Filter>Source Files</Filter>
    </ClCompile>
    <ClCompile Include="product.cpp">
      <Filter>Source Files</Filter>
    </ClCompile>
    <ClCompile Include="spiralMatrix.cpp">
      <Filter>Source Files</Filter>
    </ClCompile>
    <ClCompile Include="student.cpp">
      <Filter>Source Files</Filter>
    </ClCompile>
    <ClCompile Include="vectorManipulations.cpp">
      <Filter>Source Files</Filter>
    </ClCompile>
    <ClCompile Include="algos\sortAlgos\SelectionSort.cpp">
      <Filter>Source Files</Filter>
    </ClCompile>
    <ClCompile Include="algos\sortAlgos\BubbleSort.cpp">
      <Filter>Source Files</Filter>
    </ClCompile>
    <ClCompile Include="algos\sortAlgos\InBuiltSort.cpp">
      <Filter>Source Files</Filter>
    </ClCompile>
    <ClCompile Include="algos\searchAlgos\LinearSearch.cpp">
      <Filter>Source Files</Filter>
    </ClCompile>
    <ClCompile Include="algos\searchAlgos\BinarySerchAlgo.cpp">
      <Filter>Source Files</Filter>
    </ClCompile>
    <ClCompile Include="algos\recursions\Factorial.cpp">
      <Filter>Source Files</Filter>
    </ClCompile>
    <ClCompile Include="algos\recursions\Fibonacci.cpp">
      <Filter>Source Files</Filter>
    </ClCompile>
    <ClCompile Include="algos\recursions\Power.cpp">
      <Filter>Source Files</Filter>
    </ClCompile>
    <ClCompile Include="algos\recursions\DigitCount.cpp">
      <Filter>Source Files</Filter>
    </ClCompile>
    <ClCompile Include="algos\recursions\SumOfDigit.cpp">
      <Filter>Source Files</Filter>
    </ClCompile>
    <ClCompile Include="algos\recursions\SummedMultiplication.cpp">
      <Filter>Source Files</Filter>
    </ClCompile>
    <ClCompile Include="algos\recursions\CountZeros.cpp">
      <Filter>Source Files</Filter>
    </ClCompile>
    <ClCompile Include="algos\recursions\GeometricSum.cpp">
      <Filter>Source Files</Filter>
    </ClCompile>
    <ClCompile Include="algos\recursions\IsArraySorted.cpp">
      <Filter>Source Files</Filter>
    </ClCompile>
    <ClCompile Include="algos\recursions\SumOfArray.cpp">
      <Filter>Source Files</Filter>
    </ClCompile>
    <ClCompile Include="algos\recursions\RecursiveSearch.cpp">
      <Filter>Source Files</Filter>
    </ClCompile>
    <ClCompile Include="algos\recursions\FirstIndexOfElment.cpp">
      <Filter>Source Files</Filter>
    </ClCompile>
    <ClCompile Include="algos\recursions\LastIndexOf.cpp">
      <Filter>Source Files</Filter>
    </ClCompile>
    <ClCompile Include="algos\recursions\PrintAllPositiionOfElement.cpp">
      <Filter>Source Files</Filter>
    </ClCompile>
    <ClCompile Include="algos\recursions\CountOccuranceOfElementInArray.cpp">
      <Filter>Source Files</Filter>
    </ClCompile>
    <ClCompile Include="algos\recursions\StoreItemPositionInArray.cpp">
      <Filter>Source Files</Filter>
    </ClCompile>
    <ClCompile Include="algos\recursions\CheckPalindrome.cpp">
      <Filter>Source Files</Filter>
    </ClCompile>
    <ClCompile Include="algos\recursions\RecursivePrinting.cpp">
      <Filter>Source Files</Filter>
    </ClCompile>
    <ClCompile Include="algos\recursions\RecursivelyCount.cpp">
      <Filter>Source Files</Filter>
    </ClCompile>
    <ClCompile Include="algos\recursions\RecursivelyReplace.cpp">
      <Filter>Source Files</Filter>
    </ClCompile>
    <ClCompile Include="algos\recursions\RecursivelyRemove.cpp">
      <Filter>Source Files</Filter>
    </ClCompile>
    <ClCompile Include="algos\recursions\RecursivelyRemoveConsecutiveDuplicates.cpp">
      <Filter>Source Files</Filter>
    </ClCompile>
    <ClCompile Include="algos\recursions\PrintAllSubstringOfString.cpp">
      <Filter>Source Files</Filter>
    </ClCompile>
    <ClCompile Include="algos\recursions\StoreAllSubstringOfSring.cpp">
      <Filter>Source Files</Filter>
    </ClCompile>
    <ClCompile Include="algos\recursions\RecursiveStringToInt.cpp">
      <Filter>Source Files</Filter>
    </ClCompile>
    <ClCompile Include="algos\recursions\RecursivelyPrintPermutaion.cpp">
      <Filter>Source Files</Filter>
    </ClCompile>
    <ClCompile Include="algos\recursions\RecursivelyPrintDownLink.cpp">
      <Filter>Source Files</Filter>
    </ClCompile>
    <ClCompile Include="algos\recursions\RecursiveTowerOfHanoi.cpp">
      <Filter>Source Files</Filter>
    </ClCompile>
    <ClCompile Include="algos\sortAlgos\MergeSort.cpp">
      <Filter>Source Files</Filter>
    </ClCompile>
    <ClCompile Include="algos\sortAlgos\QuickSort.cpp">
      <Filter>Source Files</Filter>
    </ClCompile>
    <ClCompile Include="algos\searchAlgos\FirstAndLastOccurance.cpp">
      <Filter>Source Files</Filter>
    </ClCompile>
    <ClCompile Include="algos\searchAlgos\SearchInReverseSorted.cpp">
      <Filter>Source Files</Filter>
    </ClCompile>
    <ClCompile Include="algos\searchAlgos\MajorityElement.cpp">
      <Filter>Source Files</Filter>
    </ClCompile>
    <ClCompile Include="data_structure\LinkedList\Node.cpp">
      <Filter>Source Files</Filter>
    </ClCompile>
    <ClCompile Include="data_structure\LinkedList\LinkedListRecursive.cpp">
      <Filter>Source Files</Filter>
    </ClCompile>
    <ClCompile Include="data_structure\LinkedList\JosephusCircle.cpp">
      <Filter>Source Files</Filter>
    </ClCompile>
    <ClCompile Include="data_structure\Stacks\Stack.cpp">
      <Filter>Source Files</Filter>
    </ClCompile>
    <ClCompile Include="data_structure\Templates\Template.cpp">
      <Filter>Source Files</Filter>
    </ClCompile>
    <ClCompile Include="data_structure\Templates\DoubleTemplates.cpp">
      <Filter>Source Files</Filter>
    </ClCompile>
    <ClCompile Include="data_structure\Stacks\StackWithLinkedList.cpp">
      <Filter>Source Files</Filter>
    </ClCompile>
    <ClCompile Include="data_structure\Stacks\InBuiltStack.cpp">
      <Filter>Source Files</Filter>
    </ClCompile>
    <ClCompile Include="data_structure\Stacks\BalancedParenthesis.cpp">
      <Filter>Source Files</Filter>
    </ClCompile>
    <ClCompile Include="data_structure\Stacks\ReversePolishNotation.cpp">
      <Filter>Source Files</Filter>
    </ClCompile>
    <ClCompile Include="data_structure\Stacks\RemoveAllAdjacentDuplicate.cpp">
      <Filter>Source Files</Filter>
    </ClCompile>
    <ClCompile Include="data_structure\Queue\QueueWithArray.cpp">
      <Filter>Source Files</Filter>
    </ClCompile>
    <ClCompile Include="data_structure\Queue\QueueWithDynamicArray.cpp">
      <Filter>Source Files</Filter>
    </ClCompile>
    <ClCompile Include="data_structure\Queue\QueueWithLinkedList.cpp">
      <Filter>Source Files</Filter>
    </ClCompile>
    <ClCompile Include="data_structure\Queue\InBuiltQueue.cpp">
      <Filter>Source Files</Filter>
    </ClCompile>
    <ClCompile Include="data_structure\Queue\ReverseAQueue.cpp">
      <Filter>Source Files</Filter>
    </ClCompile>
  </ItemGroup>
  <ItemGroup>
    <ClInclude Include="dynamicArray.hpp">
      <Filter>Header Files</Filter>
    </ClInclude>
    <ClInclude Include="spiralMatrix.hpp">
      <Filter>Header Files</Filter>
    </ClInclude>
    <ClInclude Include="student.hpp">
      <Filter>Header Files</Filter>
    </ClInclude>
    <ClInclude Include="vector.hpp">
      <Filter>Header Files</Filter>
    </ClInclude>
  </ItemGroup>
  <ItemGroup>
    <None Include="packages.config" />
    <None Include="..\..\..\..\Documents\Custom Office Templates\Book1.xlsx" />
  </ItemGroup>
</Project>